// !$*UTF8*$!
{
	archiveVersion = 1;
	classes = {
	};
	objectVersion = 70;
	objects = {

/* Begin PBXBuildFile section */
		93843D732CFE8A760083AD6D /* Extensions.swift in Sources */ = {isa = PBXBuildFile; fileRef = 93843D722CFE8A760083AD6D /* Extensions.swift */; };
		93843D842D009F0D0083AD6D /* GridSpace.swift in Sources */ = {isa = PBXBuildFile; fileRef = 93843D832D009F0D0083AD6D /* GridSpace.swift */; };
		93843D852D009F0D0083AD6D /* Grid.swift in Sources */ = {isa = PBXBuildFile; fileRef = 93843D822D009F0D0083AD6D /* Grid.swift */; };
		938637E42D08FD6900A0E6FC /* SampleInput.txt in Resources */ = {isa = PBXBuildFile; fileRef = 938637E32D08FD6900A0E6FC /* SampleInput.txt */; };
		938637E62D08FD6E00A0E6FC /* RealInput.txt in Resources */ = {isa = PBXBuildFile; fileRef = 938637E52D08FD6E00A0E6FC /* RealInput.txt */; };
		938637F42D09010800A0E6FC /* GuardGrid.swift in Sources */ = {isa = PBXBuildFile; fileRef = 938637F32D09010800A0E6FC /* GuardGrid.swift */; };
		938637F62D09026800A0E6FC /* GuardGridSpace.swift in Sources */ = {isa = PBXBuildFile; fileRef = 938637F52D09026800A0E6FC /* GuardGridSpace.swift */; };
		DFB2F9C42AF53C8700E26FDC /* Day6App.swift in Sources */ = {isa = PBXBuildFile; fileRef = DFB2F9C32AF53C8700E26FDC /* Day6App.swift */; };
		DFB2F9C62AF53C8700E26FDC /* ContentView.swift in Sources */ = {isa = PBXBuildFile; fileRef = DFB2F9C52AF53C8700E26FDC /* ContentView.swift */; };
		DFB2F9C82AF53C8A00E26FDC /* Assets.xcassets in Resources */ = {isa = PBXBuildFile; fileRef = DFB2F9C72AF53C8A00E26FDC /* Assets.xcassets */; };
		DFB2F9CB2AF53C8A00E26FDC /* Preview Assets.xcassets in Resources */ = {isa = PBXBuildFile; fileRef = DFB2F9CA2AF53C8A00E26FDC /* Preview Assets.xcassets */; };
		DFB2F9D22AF53CD000E26FDC /* Input.swift in Sources */ = {isa = PBXBuildFile; fileRef = DFB2F9D12AF53CD000E26FDC /* Input.swift */; };
/* End PBXBuildFile section */

/* Begin PBXContainerItemProxy section */
		93843D942D00B2680083AD6D /* PBXContainerItemProxy */ = {
			isa = PBXContainerItemProxy;
			containerPortal = DFB2F9B82AF53C8700E26FDC /* Project object */;
			proxyType = 1;
			remoteGlobalIDString = DFB2F9BF2AF53C8700E26FDC;
			remoteInfo = Day6;
		};
/* End PBXContainerItemProxy section */

/* Begin PBXFileReference section */
		93843D722CFE8A760083AD6D /* Extensions.swift */ = {isa = PBXFileReference; lastKnownFileType = sourcecode.swift; path = Extensions.swift; sourceTree = "<group>"; };
		93843D822D009F0D0083AD6D /* Grid.swift */ = {isa = PBXFileReference; lastKnownFileType = sourcecode.swift; path = Grid.swift; sourceTree = "<group>"; };
		93843D832D009F0D0083AD6D /* GridSpace.swift */ = {isa = PBXFileReference; lastKnownFileType = sourcecode.swift; path = GridSpace.swift; sourceTree = "<group>"; };
		93843D902D00B2680083AD6D /* Day6Tests.xctest */ = {isa = PBXFileReference; explicitFileType = wrapper.cfbundle; includeInIndex = 0; path = Day6Tests.xctest; sourceTree = BUILT_PRODUCTS_DIR; };
		938637E32D08FD6900A0E6FC /* SampleInput.txt */ = {isa = PBXFileReference; lastKnownFileType = text; path = SampleInput.txt; sourceTree = "<group>"; };
		938637E52D08FD6E00A0E6FC /* RealInput.txt */ = {isa = PBXFileReference; lastKnownFileType = text; path = RealInput.txt; sourceTree = "<group>"; };
		938637F32D09010800A0E6FC /* GuardGrid.swift */ = {isa = PBXFileReference; lastKnownFileType = sourcecode.swift; path = GuardGrid.swift; sourceTree = "<group>"; };
		938637F52D09026800A0E6FC /* GuardGridSpace.swift */ = {isa = PBXFileReference; lastKnownFileType = sourcecode.swift; path = GuardGridSpace.swift; sourceTree = "<group>"; };
		DFB2F9C02AF53C8700E26FDC /* Day6.app */ = {isa = PBXFileReference; explicitFileType = wrapper.application; includeInIndex = 0; path = Day6.app; sourceTree = BUILT_PRODUCTS_DIR; };
		DFB2F9C32AF53C8700E26FDC /* Day6App.swift */ = {isa = PBXFileReference; lastKnownFileType = sourcecode.swift; path = Day6App.swift; sourceTree = "<group>"; };
		DFB2F9C52AF53C8700E26FDC /* ContentView.swift */ = {isa = PBXFileReference; lastKnownFileType = sourcecode.swift; path = ContentView.swift; sourceTree = "<group>"; };
		DFB2F9C72AF53C8A00E26FDC /* Assets.xcassets */ = {isa = PBXFileReference; lastKnownFileType = folder.assetcatalog; path = Assets.xcassets; sourceTree = "<group>"; };
		DFB2F9CA2AF53C8A00E26FDC /* Preview Assets.xcassets */ = {isa = PBXFileReference; lastKnownFileType = folder.assetcatalog; path = "Preview Assets.xcassets"; sourceTree = "<group>"; };
		DFB2F9D12AF53CD000E26FDC /* Input.swift */ = {isa = PBXFileReference; lastKnownFileType = sourcecode.swift; path = Input.swift; sourceTree = "<group>"; };
/* End PBXFileReference section */

/* Begin PBXFileSystemSynchronizedRootGroup section */
		93843D912D00B2680083AD6D /* Day6Tests */ = {isa = PBXFileSystemSynchronizedRootGroup; explicitFileTypes = {}; explicitFolders = (); path = Day6Tests; sourceTree = "<group>"; };
/* End PBXFileSystemSynchronizedRootGroup section */

/* Begin PBXFrameworksBuildPhase section */
		93843D8D2D00B2680083AD6D /* Frameworks */ = {
			isa = PBXFrameworksBuildPhase;
			buildActionMask = 2147483647;
			files = (
			);
			runOnlyForDeploymentPostprocessing = 0;
		};
		DFB2F9BD2AF53C8700E26FDC /* Frameworks */ = {
			isa = PBXFrameworksBuildPhase;
			buildActionMask = 2147483647;
			files = (
			);
			runOnlyForDeploymentPostprocessing = 0;
		};
/* End PBXFrameworksBuildPhase section */

/* Begin PBXGroup section */
		93843D862D009F110083AD6D /* GridClasses */ = {
			isa = PBXGroup;
			children = (
				93843D822D009F0D0083AD6D /* Grid.swift */,
				93843D832D009F0D0083AD6D /* GridSpace.swift */,
			);
			path = GridClasses;
			sourceTree = "<group>";
		};
		DFB2F9B72AF53C8700E26FDC = {
			isa = PBXGroup;
			children = (
				DFB2F9C22AF53C8700E26FDC /* Day6 */,
				93843D912D00B2680083AD6D /* Day6Tests */,
				DFB2F9C12AF53C8700E26FDC /* Products */,
			);
			sourceTree = "<group>";
		};
		DFB2F9C12AF53C8700E26FDC /* Products */ = {
			isa = PBXGroup;
			children = (
				DFB2F9C02AF53C8700E26FDC /* Day6.app */,
				93843D902D00B2680083AD6D /* Day6Tests.xctest */,
			);
			name = Products;
			sourceTree = "<group>";
		};
		DFB2F9C22AF53C8700E26FDC /* Day6 */ = {
			isa = PBXGroup;
			children = (
				93843D862D009F110083AD6D /* GridClasses */,
				DFB2F9C32AF53C8700E26FDC /* Day6App.swift */,
				938637F32D09010800A0E6FC /* GuardGrid.swift */,
				938637F52D09026800A0E6FC /* GuardGridSpace.swift */,
				93843D722CFE8A760083AD6D /* Extensions.swift */,
				DFB2F9C52AF53C8700E26FDC /* ContentView.swift */,
				DFB2F9D12AF53CD000E26FDC /* Input.swift */,
				938637E32D08FD6900A0E6FC /* SampleInput.txt */,
				938637E52D08FD6E00A0E6FC /* RealInput.txt */,
				DFB2F9C72AF53C8A00E26FDC /* Assets.xcassets */,
				DFB2F9C92AF53C8A00E26FDC /* Preview Content */,
			);
			path = Day6;
			sourceTree = "<group>";
		};
		DFB2F9C92AF53C8A00E26FDC /* Preview Content */ = {
			isa = PBXGroup;
			children = (
				DFB2F9CA2AF53C8A00E26FDC /* Preview Assets.xcassets */,
			);
			path = "Preview Content";
			sourceTree = "<group>";
		};
/* End PBXGroup section */

/* Begin PBXNativeTarget section */
		93843D8F2D00B2680083AD6D /* Day6Tests */ = {
			isa = PBXNativeTarget;
			buildConfigurationList = 93843D982D00B2680083AD6D /* Build configuration list for PBXNativeTarget "Day6Tests" */;
			buildPhases = (
				93843D8C2D00B2680083AD6D /* Sources */,
				93843D8D2D00B2680083AD6D /* Frameworks */,
				93843D8E2D00B2680083AD6D /* Resources */,
			);
			buildRules = (
			);
			dependencies = (
				93843D952D00B2680083AD6D /* PBXTargetDependency */,
			);
			fileSystemSynchronizedGroups = (
				93843D912D00B2680083AD6D /* Day6Tests */,
			);
			name = Day6Tests;
			packageProductDependencies = (
			);
			productName = Day6Tests;
			productReference = 93843D902D00B2680083AD6D /* Day6Tests.xctest */;
			productType = "com.apple.product-type.bundle.unit-test";
		};
		DFB2F9BF2AF53C8700E26FDC /* Day6 */ = {
			isa = PBXNativeTarget;
			buildConfigurationList = DFB2F9CE2AF53C8A00E26FDC /* Build configuration list for PBXNativeTarget "Day6" */;
			buildPhases = (
				DFB2F9BC2AF53C8700E26FDC /* Sources */,
				DFB2F9BD2AF53C8700E26FDC /* Frameworks */,
				DFB2F9BE2AF53C8700E26FDC /* Resources */,
			);
			buildRules = (
			);
			dependencies = (
			);
			name = Day6;
			productName = Day6;
			productReference = DFB2F9C02AF53C8700E26FDC /* Day6.app */;
			productType = "com.apple.product-type.application";
		};
/* End PBXNativeTarget section */

/* Begin PBXProject section */
		DFB2F9B82AF53C8700E26FDC /* Project object */ = {
			isa = PBXProject;
			attributes = {
				BuildIndependentTargetsInParallel = 1;
				LastSwiftUpdateCheck = 1620;
				LastUpgradeCheck = 1430;
				TargetAttributes = {
					93843D8F2D00B2680083AD6D = {
						CreatedOnToolsVersion = 16.2;
						TestTargetID = DFB2F9BF2AF53C8700E26FDC;
					};
					DFB2F9BF2AF53C8700E26FDC = {
						CreatedOnToolsVersion = 14.3.1;
					};
				};
			};
			buildConfigurationList = DFB2F9BB2AF53C8700E26FDC /* Build configuration list for PBXProject "Day6" */;
			compatibilityVersion = "Xcode 14.0";
			developmentRegion = en;
			hasScannedForEncodings = 0;
			knownRegions = (
				en,
				Base,
			);
			mainGroup = DFB2F9B72AF53C8700E26FDC;
			productRefGroup = DFB2F9C12AF53C8700E26FDC /* Products */;
			projectDirPath = "";
			projectRoot = "";
			targets = (
				DFB2F9BF2AF53C8700E26FDC /* Day6 */,
				93843D8F2D00B2680083AD6D /* Day6Tests */,
			);
		};
/* End PBXProject section */

/* Begin PBXResourcesBuildPhase section */
		93843D8E2D00B2680083AD6D /* Resources */ = {
			isa = PBXResourcesBuildPhase;
			buildActionMask = 2147483647;
			files = (
			);
			runOnlyForDeploymentPostprocessing = 0;
		};
		DFB2F9BE2AF53C8700E26FDC /* Resources */ = {
			isa = PBXResourcesBuildPhase;
			buildActionMask = 2147483647;
			files = (
				DFB2F9CB2AF53C8A00E26FDC /* Preview Assets.xcassets in Resources */,
				DFB2F9C82AF53C8A00E26FDC /* Assets.xcassets in Resources */,
				938637E42D08FD6900A0E6FC /* SampleInput.txt in Resources */,
				938637E62D08FD6E00A0E6FC /* RealInput.txt in Resources */,
			);
			runOnlyForDeploymentPostprocessing = 0;
		};
/* End PBXResourcesBuildPhase section */

/* Begin PBXSourcesBuildPhase section */
		93843D8C2D00B2680083AD6D /* Sources */ = {
			isa = PBXSourcesBuildPhase;
			buildActionMask = 2147483647;
			files = (
			);
			runOnlyForDeploymentPostprocessing = 0;
		};
		DFB2F9BC2AF53C8700E26FDC /* Sources */ = {
			isa = PBXSourcesBuildPhase;
			buildActionMask = 2147483647;
			files = (
				DFB2F9D22AF53CD000E26FDC /* Input.swift in Sources */,
				DFB2F9C62AF53C8700E26FDC /* ContentView.swift in Sources */,
				DFB2F9C42AF53C8700E26FDC /* Day6App.swift in Sources */,
				938637F42D09010800A0E6FC /* GuardGrid.swift in Sources */,
				938637F62D09026800A0E6FC /* GuardGridSpace.swift in Sources */,
				93843D732CFE8A760083AD6D /* Extensions.swift in Sources */,
				93843D842D009F0D0083AD6D /* GridSpace.swift in Sources */,
				93843D852D009F0D0083AD6D /* Grid.swift in Sources */,
			);
			runOnlyForDeploymentPostprocessing = 0;
		};
/* End PBXSourcesBuildPhase section */

/* Begin PBXTargetDependency section */
		93843D952D00B2680083AD6D /* PBXTargetDependency */ = {
			isa = PBXTargetDependency;
			target = DFB2F9BF2AF53C8700E26FDC /* Day6 */;
			targetProxy = 93843D942D00B2680083AD6D /* PBXContainerItemProxy */;
		};
/* End PBXTargetDependency section */

/* Begin XCBuildConfiguration section */
		93843D962D00B2680083AD6D /* Debug */ = {
			isa = XCBuildConfiguration;
			buildSettings = {
				ASSETCATALOG_COMPILER_GENERATE_SWIFT_ASSET_SYMBOL_EXTENSIONS = YES;
				BUNDLE_LOADER = "$(TEST_HOST)";
				CODE_SIGN_STYLE = Automatic;
				CURRENT_PROJECT_VERSION = 1;
				ENABLE_USER_SCRIPT_SANDBOXING = YES;
				GCC_C_LANGUAGE_STANDARD = gnu17;
				GENERATE_INFOPLIST_FILE = YES;
				IPHONEOS_DEPLOYMENT_TARGET = 18.2;
				LOCALIZATION_PREFERS_STRING_CATALOGS = YES;
				MARKETING_VERSION = 1.0;
				PRODUCT_BUNDLE_IDENTIFIER = com.rhindoncomputing.Day6Tests;
				PRODUCT_NAME = "$(TARGET_NAME)";
				SWIFT_ACTIVE_COMPILATION_CONDITIONS = "DEBUG $(inherited)";
				SWIFT_EMIT_LOC_STRINGS = NO;
				SWIFT_VERSION = 5.0;
				TARGETED_DEVICE_FAMILY = "1,2";
				TEST_HOST = "$(BUILT_PRODUCTS_DIR)/Day6.app/$(BUNDLE_EXECUTABLE_FOLDER_PATH)/Day6";
			};
			name = Debug;
		};
		93843D972D00B2680083AD6D /* Release */ = {
			isa = XCBuildConfiguration;
			buildSettings = {
				ASSETCATALOG_COMPILER_GENERATE_SWIFT_ASSET_SYMBOL_EXTENSIONS = YES;
				BUNDLE_LOADER = "$(TEST_HOST)";
				CODE_SIGN_STYLE = Automatic;
				CURRENT_PROJECT_VERSION = 1;
				ENABLE_USER_SCRIPT_SANDBOXING = YES;
				GCC_C_LANGUAGE_STANDARD = gnu17;
				GENERATE_INFOPLIST_FILE = YES;
				IPHONEOS_DEPLOYMENT_TARGET = 18.2;
				LOCALIZATION_PREFERS_STRING_CATALOGS = YES;
				MARKETING_VERSION = 1.0;
				PRODUCT_BUNDLE_IDENTIFIER = com.rhindoncomputing.Day6Tests;
				PRODUCT_NAME = "$(TARGET_NAME)";
				SWIFT_EMIT_LOC_STRINGS = NO;
				SWIFT_VERSION = 5.0;
				TARGETED_DEVICE_FAMILY = "1,2";
				TEST_HOST = "$(BUILT_PRODUCTS_DIR)/Day6.app/$(BUNDLE_EXECUTABLE_FOLDER_PATH)/Day6";
			};
			name = Release;
		};
		DFB2F9CC2AF53C8A00E26FDC /* Debug */ = {
			isa = XCBuildConfiguration;
			buildSettings = {
				ALWAYS_SEARCH_USER_PATHS = NO;
				CLANG_ANALYZER_NONNULL = YES;
				CLANG_ANALYZER_NUMBER_OBJECT_CONVERSION = YES_AGGRESSIVE;
				CLANG_CXX_LANGUAGE_STANDARD = "gnu++20";
				CLANG_ENABLE_MODULES = YES;
				CLANG_ENABLE_OBJC_ARC = YES;
				CLANG_ENABLE_OBJC_WEAK = YES;
				CLANG_WARN_BLOCK_CAPTURE_AUTORELEASING = YES;
				CLANG_WARN_BOOL_CONVERSION = YES;
				CLANG_WARN_COMMA = YES;
				CLANG_WARN_CONSTANT_CONVERSION = YES;
				CLANG_WARN_DEPRECATED_OBJC_IMPLEMENTATIONS = YES;
				CLANG_WARN_DIRECT_OBJC_ISA_USAGE = YES_ERROR;
				CLANG_WARN_DOCUMENTATION_COMMENTS = YES;
				CLANG_WARN_EMPTY_BODY = YES;
				CLANG_WARN_ENUM_CONVERSION = YES;
				CLANG_WARN_INFINITE_RECURSION = YES;
				CLANG_WARN_INT_CONVERSION = YES;
				CLANG_WARN_NON_LITERAL_NULL_CONVERSION = YES;
				CLANG_WARN_OBJC_IMPLICIT_RETAIN_SELF = YES;
				CLANG_WARN_OBJC_LITERAL_CONVERSION = YES;
				CLANG_WARN_OBJC_ROOT_CLASS = YES_ERROR;
				CLANG_WARN_QUOTED_INCLUDE_IN_FRAMEWORK_HEADER = YES;
				CLANG_WARN_RANGE_LOOP_ANALYSIS = YES;
				CLANG_WARN_STRICT_PROTOTYPES = YES;
				CLANG_WARN_SUSPICIOUS_MOVE = YES;
				CLANG_WARN_UNGUARDED_AVAILABILITY = YES_AGGRESSIVE;
				CLANG_WARN_UNREACHABLE_CODE = YES;
				CLANG_WARN__DUPLICATE_METHOD_MATCH = YES;
				COPY_PHASE_STRIP = NO;
				DEBUG_INFORMATION_FORMAT = dwarf;
				ENABLE_STRICT_OBJC_MSGSEND = YES;
				ENABLE_TESTABILITY = YES;
				GCC_C_LANGUAGE_STANDARD = gnu11;
				GCC_DYNAMIC_NO_PIC = NO;
				GCC_NO_COMMON_BLOCKS = YES;
				GCC_OPTIMIZATION_LEVEL = 0;
				GCC_PREPROCESSOR_DEFINITIONS = (
					"DEBUG=1",
					"$(inherited)",
				);
				GCC_WARN_64_TO_32_BIT_CONVERSION = YES;
				GCC_WARN_ABOUT_RETURN_TYPE = YES_ERROR;
				GCC_WARN_UNDECLARED_SELECTOR = YES;
				GCC_WARN_UNINITIALIZED_AUTOS = YES_AGGRESSIVE;
				GCC_WARN_UNUSED_FUNCTION = YES;
				GCC_WARN_UNUSED_VARIABLE = YES;
				IPHONEOS_DEPLOYMENT_TARGET = 16.4;
				MTL_ENABLE_DEBUG_INFO = INCLUDE_SOURCE;
				MTL_FAST_MATH = YES;
				ONLY_ACTIVE_ARCH = YES;
				SDKROOT = iphoneos;
				SWIFT_ACTIVE_COMPILATION_CONDITIONS = DEBUG;
				SWIFT_OPTIMIZATION_LEVEL = "-Onone";
			};
			name = Debug;
		};
		DFB2F9CD2AF53C8A00E26FDC /* Release */ = {
			isa = XCBuildConfiguration;
			buildSettings = {
				ALWAYS_SEARCH_USER_PATHS = NO;
				CLANG_ANALYZER_NONNULL = YES;
				CLANG_ANALYZER_NUMBER_OBJECT_CONVERSION = YES_AGGRESSIVE;
				CLANG_CXX_LANGUAGE_STANDARD = "gnu++20";
				CLANG_ENABLE_MODULES = YES;
				CLANG_ENABLE_OBJC_ARC = YES;
				CLANG_ENABLE_OBJC_WEAK = YES;
				CLANG_WARN_BLOCK_CAPTURE_AUTORELEASING = YES;
				CLANG_WARN_BOOL_CONVERSION = YES;
				CLANG_WARN_COMMA = YES;
				CLANG_WARN_CONSTANT_CONVERSION = YES;
				CLANG_WARN_DEPRECATED_OBJC_IMPLEMENTATIONS = YES;
				CLANG_WARN_DIRECT_OBJC_ISA_USAGE = YES_ERROR;
				CLANG_WARN_DOCUMENTATION_COMMENTS = YES;
				CLANG_WARN_EMPTY_BODY = YES;
				CLANG_WARN_ENUM_CONVERSION = YES;
				CLANG_WARN_INFINITE_RECURSION = YES;
				CLANG_WARN_INT_CONVERSION = YES;
				CLANG_WARN_NON_LITERAL_NULL_CONVERSION = YES;
				CLANG_WARN_OBJC_IMPLICIT_RETAIN_SELF = YES;
				CLANG_WARN_OBJC_LITERAL_CONVERSION = YES;
				CLANG_WARN_OBJC_ROOT_CLASS = YES_ERROR;
				CLANG_WARN_QUOTED_INCLUDE_IN_FRAMEWORK_HEADER = YES;
				CLANG_WARN_RANGE_LOOP_ANALYSIS = YES;
				CLANG_WARN_STRICT_PROTOTYPES = YES;
				CLANG_WARN_SUSPICIOUS_MOVE = YES;
				CLANG_WARN_UNGUARDED_AVAILABILITY = YES_AGGRESSIVE;
				CLANG_WARN_UNREACHABLE_CODE = YES;
				CLANG_WARN__DUPLICATE_METHOD_MATCH = YES;
				COPY_PHASE_STRIP = NO;
				DEBUG_INFORMATION_FORMAT = "dwarf-with-dsym";
				ENABLE_NS_ASSERTIONS = NO;
				ENABLE_STRICT_OBJC_MSGSEND = YES;
				GCC_C_LANGUAGE_STANDARD = gnu11;
				GCC_NO_COMMON_BLOCKS = YES;
				GCC_WARN_64_TO_32_BIT_CONVERSION = YES;
				GCC_WARN_ABOUT_RETURN_TYPE = YES_ERROR;
				GCC_WARN_UNDECLARED_SELECTOR = YES;
				GCC_WARN_UNINITIALIZED_AUTOS = YES_AGGRESSIVE;
				GCC_WARN_UNUSED_FUNCTION = YES;
				GCC_WARN_UNUSED_VARIABLE = YES;
				IPHONEOS_DEPLOYMENT_TARGET = 16.4;
				MTL_ENABLE_DEBUG_INFO = NO;
				MTL_FAST_MATH = YES;
				SDKROOT = iphoneos;
				SWIFT_COMPILATION_MODE = wholemodule;
				SWIFT_OPTIMIZATION_LEVEL = "-O";
				VALIDATE_PRODUCT = YES;
			};
			name = Release;
		};
		DFB2F9CF2AF53C8A00E26FDC /* Debug */ = {
			isa = XCBuildConfiguration;
			buildSettings = {
				ASSETCATALOG_COMPILER_APPICON_NAME = AppIcon;
				ASSETCATALOG_COMPILER_GLOBAL_ACCENT_COLOR_NAME = AccentColor;
				CODE_SIGN_STYLE = Automatic;
				CURRENT_PROJECT_VERSION = 1;
				DEVELOPMENT_ASSET_PATHS = "Day6/Preview\\ Content";
				DEVELOPMENT_TEAM = LQZ9HX53KV;
				ENABLE_PREVIEWS = YES;
				GENERATE_INFOPLIST_FILE = YES;
				INFOPLIST_KEY_UIApplicationSceneManifest_Generation = YES;
				INFOPLIST_KEY_UIApplicationSupportsIndirectInputEvents = YES;
				INFOPLIST_KEY_UILaunchScreen_Generation = YES;
				INFOPLIST_KEY_UISupportedInterfaceOrientations_iPad = "UIInterfaceOrientationPortrait UIInterfaceOrientationPortraitUpsideDown UIInterfaceOrientationLandscapeLeft UIInterfaceOrientationLandscapeRight";
				INFOPLIST_KEY_UISupportedInterfaceOrientations_iPhone = "UIInterfaceOrientationPortrait UIInterfaceOrientationLandscapeLeft UIInterfaceOrientationLandscapeRight";
				IPHONEOS_DEPLOYMENT_TARGET = 17.0;
				LD_RUNPATH_SEARCH_PATHS = (
					"$(inherited)",
					"@executable_path/Frameworks",
				);
				MARKETING_VERSION = 1.0;
				PRODUCT_BUNDLE_IDENTIFIER = com.rhindon.adventOfCode2023.Day6;
				PRODUCT_NAME = "$(TARGET_NAME)";
				SWIFT_EMIT_LOC_STRINGS = YES;
				SWIFT_VERSION = 5.0;
				TARGETED_DEVICE_FAMILY = "1,2";
			};
			name = Debug;
		};
		DFB2F9D02AF53C8A00E26FDC /* Release */ = {
			isa = XCBuildConfiguration;
			buildSettings = {
				ASSETCATALOG_COMPILER_APPICON_NAME = AppIcon;
				ASSETCATALOG_COMPILER_GLOBAL_ACCENT_COLOR_NAME = AccentColor;
				CODE_SIGN_STYLE = Automatic;
				CURRENT_PROJECT_VERSION = 1;
				DEVELOPMENT_ASSET_PATHS = "Day6/Preview\\ Content";
				DEVELOPMENT_TEAM = LQZ9HX53KV;
				ENABLE_PREVIEWS = YES;
				GENERATE_INFOPLIST_FILE = YES;
				INFOPLIST_KEY_UIApplicationSceneManifest_Generation = YES;
				INFOPLIST_KEY_UIApplicationSupportsIndirectInputEvents = YES;
				INFOPLIST_KEY_UILaunchScreen_Generation = YES;
				INFOPLIST_KEY_UISupportedInterfaceOrientations_iPad = "UIInterfaceOrientationPortrait UIInterfaceOrientationPortraitUpsideDown UIInterfaceOrientationLandscapeLeft UIInterfaceOrientationLandscapeRight";
				INFOPLIST_KEY_UISupportedInterfaceOrientations_iPhone = "UIInterfaceOrientationPortrait UIInterfaceOrientationLandscapeLeft UIInterfaceOrientationLandscapeRight";
				IPHONEOS_DEPLOYMENT_TARGET = 17.0;
				LD_RUNPATH_SEARCH_PATHS = (
					"$(inherited)",
					"@executable_path/Frameworks",
				);
				MARKETING_VERSION = 1.0;
				PRODUCT_BUNDLE_IDENTIFIER = com.rhindon.adventOfCode2023.Day6;
				PRODUCT_NAME = "$(TARGET_NAME)";
				SWIFT_EMIT_LOC_STRINGS = YES;
				SWIFT_VERSION = 5.0;
				TARGETED_DEVICE_FAMILY = "1,2";
			};
			name = Release;
		};
/* End XCBuildConfiguration section */

/* Begin XCConfigurationList section */
		93843D982D00B2680083AD6D /* Build configuration list for PBXNativeTarget "Day6Tests" */ = {
			isa = XCConfigurationList;
			buildConfigurations = (
				93843D962D00B2680083AD6D /* Debug */,
				93843D972D00B2680083AD6D /* Release */,
			);
			defaultConfigurationIsVisible = 0;
			defaultConfigurationName = Release;
		};
		DFB2F9BB2AF53C8700E26FDC /* Build configuration list for PBXProject "Day6" */ = {
			isa = XCConfigurationList;
			buildConfigurations = (
				DFB2F9CC2AF53C8A00E26FDC /* Debug */,
				DFB2F9CD2AF53C8A00E26FDC /* Release */,
			);
			defaultConfigurationIsVisible = 0;
			defaultConfigurationName = Release;
		};
		DFB2F9CE2AF53C8A00E26FDC /* Build configuration list for PBXNativeTarget "Day6" */ = {
			isa = XCConfigurationList;
			buildConfigurations = (
				DFB2F9CF2AF53C8A00E26FDC /* Debug */,
				DFB2F9D02AF53C8A00E26FDC /* Release */,
			);
			defaultConfigurationIsVisible = 0;
			defaultConfigurationName = Release;
		};
/* End XCConfigurationList section */
	};
	rootObject = DFB2F9B82AF53C8700E26FDC /* Project object */;
}
